
Microsoft Visual Studio Solution File, Format Version 12.00
# Visual Studio Version 17
VisualStudioVersion = 17.2.32630.192
MinimumVisualStudioVersion = 10.0.40219.1
Project("{9A19103F-16F7-4668-BE54-9A1E7A4F7556}") = "ZimsCityProject", "ZimsCityProject\ZimsCityProject.csproj", "{95234F9F-BCB5-49F5-A96D-3B9D43D0A38B}"
EndProject
Global
	GlobalSection(SolutionConfigurationPlatforms) = preSolution
		Debug|Any CPU = Debug|Any CPU
		Release|Any CPU = Release|Any CPU
	EndGlobalSection
	GlobalSection(ProjectConfigurationPlatforms) = postSolution
		{95234F9F-BCB5-49F5-A96D-3B9D43D0A38B}.Debug|Any CPU.ActiveCfg = Debug|Any CPU
		{95234F9F-BCB5-49F5-A96D-3B9D43D0A38B}.Debug|Any CPU.Build.0 = Debug|Any CPU
		{95234F9F-BCB5-49F5-A96D-3B9D43D0A38B}.Release|Any CPU.ActiveCfg = Release|Any CPU
		{95234F9F-BCB5-49F5-A96D-3B9D43D0A38B}.Release|Any CPU.Build.0 = Release|Any CPU
	EndGlobalSection
	GlobalSection(SolutionProperties) = preSolution
		HideSolutionNode = FALSE
	EndGlobalSection
	GlobalSection(ExtensibilityGlobals) = postSolution
		SolutionGuid = {6F0A6780-844E-4B39-A09B-A8C2761F7F43}
	EndGlobalSection
EndGlobal
